# This file is automatically @generated by Cargo.
# It is not intended for manual editing.
version = 4

[[package]]
name = "elora-client"
version = "0.1.0"
dependencies = [
 "elora-map",
 "elora-render",
 "elora-sim",
]

[[package]]
name = "elora-map"
version = "0.1.0"

[[package]]
name = "elora-render"
version = "0.1.0"

[[package]]
name = "elora-sim"
version = "0.1.0"

[[package]]
name = "xtask"
version = "0.1.0"
